
Microsoft Visual Studio Solution File, Format Version 12.00
# Visual Studio Version 17
VisualStudioVersion = 17.7.34202.233
MinimumVisualStudioVersion = 10.0.40219.1
Project("{8BC9CEB8-8B4A-11D0-8D11-00A0C91BC942}") = "ItprogerDs5", "ItprogerDs5\ItprogerDs5.vcxproj", "{681F6F2A-7D28-4EB3-B01D-60DBC0D74A99}"
EndProject
Global
	GlobalSection(SolutionConfigurationPlatforms) = preSolution
		Debug|x64 = Debug|x64
		Debug|x86 = Debug|x86
		Release|x64 = Release|x64
		Release|x86 = Release|x86
	EndGlobalSection
	GlobalSection(ProjectConfigurationPlatforms) = postSolution
		{681F6F2A-7D28-4EB3-B01D-60DBC0D74A99}.Debug|x64.ActiveCfg = Debug|x64
		{681F6F2A-7D28-4EB3-B01D-60DBC0D74A99}.Debug|x64.Build.0 = Debug|x64
		{681F6F2A-7D28-4EB3-B01D-60DBC0D74A99}.Debug|x86.ActiveCfg = Debug|Win32
		{681F6F2A-7D28-4EB3-B01D-60DBC0D74A99}.Debug|x86.Build.0 = Debug|Win32
		{681F6F2A-7D28-4EB3-B01D-60DBC0D74A99}.Release|x64.ActiveCfg = Release|x64
		{681F6F2A-7D28-4EB3-B01D-60DBC0D74A99}.Release|x64.Build.0 = Release|x64
		{681F6F2A-7D28-4EB3-B01D-60DBC0D74A99}.Release|x86.ActiveCfg = Release|Win32
		{681F6F2A-7D28-4EB3-B01D-60DBC0D74A99}.Release|x86.Build.0 = Release|Win32
	EndGlobalSection
	GlobalSection(SolutionProperties) = preSolution
		HideSolutionNode = FALSE
	EndGlobalSection
	GlobalSection(ExtensibilityGlobals) = postSolution
		SolutionGuid = {964C37CB-0711-4876-A918-F3AB954E55C4}
	EndGlobalSection
EndGlobal
